// !$*UTF8*$!
{
	archiveVersion = 1;
	classes = {
	};
	objectVersion = 46;
	objects = {

/* Begin PBXBuildFile section */
		532B81641D35455F0080C0D0 /* AppDelegate.swift in Sources */ = {isa = PBXBuildFile; fileRef = 532B81631D35455F0080C0D0 /* AppDelegate.swift */; };
		532B81691D35455F0080C0D0 /* Main.storyboard in Resources */ = {isa = PBXBuildFile; fileRef = 532B81671D35455F0080C0D0 /* Main.storyboard */; };
		532B816B1D35455F0080C0D0 /* Assets.xcassets in Resources */ = {isa = PBXBuildFile; fileRef = 532B816A1D35455F0080C0D0 /* Assets.xcassets */; };
		532B816E1D35455F0080C0D0 /* LaunchScreen.storyboard in Resources */ = {isa = PBXBuildFile; fileRef = 532B816C1D35455F0080C0D0 /* LaunchScreen.storyboard */; };
		532B81771D3545D90080C0D0 /* DropItView.swift in Sources */ = {isa = PBXBuildFile; fileRef = 532B81761D3545D90080C0D0 /* DropItView.swift */; };
		532B81791D3546040080C0D0 /* DropItViewController.swift in Sources */ = {isa = PBXBuildFile; fileRef = 532B81781D3546040080C0D0 /* DropItViewController.swift */; };
		532B817B1D3546D40080C0D0 /* UIKit Extensions.swift in Sources */ = {isa = PBXBuildFile; fileRef = 532B817A1D3546D40080C0D0 /* UIKit Extensions.swift */; };
		532B817D1D3555910080C0D0 /* FallingObjectBehaviour.swift in Sources */ = {isa = PBXBuildFile; fileRef = 532B817C1D3555910080C0D0 /* FallingObjectBehaviour.swift */; };
		535126231D35667D00C43C5D /* NamedBezierPathsView.swift in Sources */ = {isa = PBXBuildFile; fileRef = 535126221D35667D00C43C5D /* NamedBezierPathsView.swift */; };
/* End PBXBuildFile section */

/* Begin PBXFileReference section */
		532B81601D35455F0080C0D0 /* DropIt.app */ = {isa = PBXFileReference; explicitFileType = wrapper.application; includeInIndex = 0; path = DropIt.app; sourceTree = BUILT_PRODUCTS_DIR; };
		532B81631D35455F0080C0D0 /* AppDelegate.swift */ = {isa = PBXFileReference; lastKnownFileType = sourcecode.swift; path = AppDelegate.swift; sourceTree = "<group>"; };
		532B81681D35455F0080C0D0 /* Base */ = {isa = PBXFileReference; lastKnownFileType = file.storyboard; name = Base; path = Base.lproj/Main.storyboard; sourceTree = "<group>"; };
		532B816A1D35455F0080C0D0 /* Assets.xcassets */ = {isa = PBXFileReference; lastKnownFileType = folder.assetcatalog; path = Assets.xcassets; sourceTree = "<group>"; };
		532B816D1D35455F0080C0D0 /* Base */ = {isa = PBXFileReference; lastKnownFileType = file.storyboard; name = Base; path = Base.lproj/LaunchScreen.storyboard; sourceTree = "<group>"; };
		532B816F1D35455F0080C0D0 /* Info.plist */ = {isa = PBXFileReference; lastKnownFileType = text.plist.xml; path = Info.plist; sourceTree = "<group>"; };
		532B81761D3545D90080C0D0 /* DropItView.swift */ = {isa = PBXFileReference; fileEncoding = 4; lastKnownFileType = sourcecode.swift; path = DropItView.swift; sourceTree = "<group>"; };
		532B81781D3546040080C0D0 /* DropItViewController.swift */ = {isa = PBXFileReference; fileEncoding = 4; lastKnownFileType = sourcecode.swift; path = DropItViewController.swift; sourceTree = "<group>"; };
		532B817A1D3546D40080C0D0 /* UIKit Extensions.swift */ = {isa = PBXFileReference; fileEncoding = 4; lastKnownFileType = sourcecode.swift; path = "UIKit Extensions.swift"; sourceTree = "<group>"; };
		532B817C1D3555910080C0D0 /* FallingObjectBehaviour.swift */ = {isa = PBXFileReference; fileEncoding = 4; lastKnownFileType = sourcecode.swift; path = FallingObjectBehaviour.swift; sourceTree = "<group>"; };
		535126221D35667D00C43C5D /* NamedBezierPathsView.swift */ = {isa = PBXFileReference; fileEncoding = 4; lastKnownFileType = sourcecode.swift; path = NamedBezierPathsView.swift; sourceTree = "<group>"; };
/* End PBXFileReference section */

/* Begin PBXFrameworksBuildPhase section */
		532B815D1D35455F0080C0D0 /* Frameworks */ = {
			isa = PBXFrameworksBuildPhase;
			buildActionMask = 2147483647;
			files = (
			);
			runOnlyForDeploymentPostprocessing = 0;
		};
/* End PBXFrameworksBuildPhase section */

/* Begin PBXGroup section */
		532B81571D35455F0080C0D0 = {
			isa = PBXGroup;
			children = (
				532B81621D35455F0080C0D0 /* DropIt */,
				532B81611D35455F0080C0D0 /* Products */,
			);
			sourceTree = "<group>";
		};
		532B81611D35455F0080C0D0 /* Products */ = {
			isa = PBXGroup;
			children = (
				532B81601D35455F0080C0D0 /* DropIt.app */,
			);
			name = Products;
			sourceTree = "<group>";
		};
		532B81621D35455F0080C0D0 /* DropIt */ = {
			isa = PBXGroup;
			children = (
				535126221D35667D00C43C5D /* NamedBezierPathsView.swift */,
				532B81671D35455F0080C0D0 /* Main.storyboard */,
				532B81761D3545D90080C0D0 /* DropItView.swift */,
				532B81781D3546040080C0D0 /* DropItViewController.swift */,
				532B817C1D3555910080C0D0 /* FallingObjectBehaviour.swift */,
				532B817A1D3546D40080C0D0 /* UIKit Extensions.swift */,
				532B81751D35456B0080C0D0 /* Supporting files */,
			);
			path = DropIt;
			sourceTree = "<group>";
		};
		532B81751D35456B0080C0D0 /* Supporting files */ = {
			isa = PBXGroup;
			children = (
				532B81631D35455F0080C0D0 /* AppDelegate.swift */,
				532B816A1D35455F0080C0D0 /* Assets.xcassets */,
				532B816C1D35455F0080C0D0 /* LaunchScreen.storyboard */,
				532B816F1D35455F0080C0D0 /* Info.plist */,
			);
			name = "Supporting files";
			sourceTree = "<group>";
		};
/* End PBXGroup section */

/* Begin PBXNativeTarget section */
		532B815F1D35455F0080C0D0 /* DropIt */ = {
			isa = PBXNativeTarget;
			buildConfigurationList = 532B81721D35455F0080C0D0 /* Build configuration list for PBXNativeTarget "DropIt" */;
			buildPhases = (
				532B815C1D35455F0080C0D0 /* Sources */,
				532B815D1D35455F0080C0D0 /* Frameworks */,
				532B815E1D35455F0080C0D0 /* Resources */,
			);
			buildRules = (
			);
			dependencies = (
			);
			name = DropIt;
			productName = DropIt;
			productReference = 532B81601D35455F0080C0D0 /* DropIt.app */;
			productType = "com.apple.product-type.application";
		};
/* End PBXNativeTarget section */

/* Begin PBXProject section */
		532B81581D35455F0080C0D0 /* Project object */ = {
			isa = PBXProject;
			attributes = {
				LastSwiftUpdateCheck = 0730;
				LastUpgradeCheck = 0730;
				ORGANIZATIONNAME = "Ilya Dolgopolov";
				TargetAttributes = {
					532B815F1D35455F0080C0D0 = {
						CreatedOnToolsVersion = 7.3.1;
						DevelopmentTeam = 8PLC6EGN2P;
					};
				};
			};
			buildConfigurationList = 532B815B1D35455F0080C0D0 /* Build configuration list for PBXProject "DropIt" */;
			compatibilityVersion = "Xcode 3.2";
			developmentRegion = English;
			hasScannedForEncodings = 0;
			knownRegions = (
				en,
				Base,
			);
			mainGroup = 532B81571D35455F0080C0D0;
			productRefGroup = 532B81611D35455F0080C0D0 /* Products */;
			projectDirPath = "";
			projectRoot = "";
			targets = (
				532B815F1D35455F0080C0D0 /* DropIt */,
			);
		};
/* End PBXProject section */

/* Begin PBXResourcesBuildPhase section */
		532B815E1D35455F0080C0D0 /* Resources */ = {
			isa = PBXResourcesBuildPhase;
			buildActionMask = 2147483647;
			files = (
				532B816E1D35455F0080C0D0 /* LaunchScreen.storyboard in Resources */,
				532B816B1D35455F0080C0D0 /* Assets.xcassets in Resources */,
				532B81691D35455F0080C0D0 /* Main.storyboard in Resources */,
			);
			runOnlyForDeploymentPostprocessing = 0;
		};
/* End PBXResourcesBuildPhase section */

/* Begin PBXSourcesBuildPhase section */
		532B815C1D35455F0080C0D0 /* Sources */ = {
			isa = PBXSourcesBuildPhase;
			buildActionMask = 2147483647;
			files = (
				532B81791D3546040080C0D0 /* DropItViewController.swift in Sources */,
				532B81771D3545D90080C0D0 /* DropItView.swift in Sources */,
				535126231D35667D00C43C5D /* NamedBezierPathsView.swift in Sources */,
				532B81641D35455F0080C0D0 /* AppDelegate.swift in Sources */,
				532B817D1D3555910080C0D0 /* FallingObjectBehaviour.swift in Sources */,
				532B817B1D3546D40080C0D0 /* UIKit Extensions.swift in Sources */,
			);
			runOnlyForDeploymentPostprocessing = 0;
		};
/* End PBXSourcesBuildPhase section */

/* Begin PBXVariantGroup section */
		532B81671D35455F0080C0D0 /* Main.storyboard */ = {
			isa = PBXVariantGroup;
			children = (
				532B81681D35455F0080C0D0 /* Base */,
			);
			name = Main.storyboard;
			sourceTree = "<group>";
		};
		532B816C1D35455F0080C0D0 /* LaunchScreen.storyboard */ = {
			isa = PBXVariantGroup;
			children = (
				532B816D1D35455F0080C0D0 /* Base */,
			);
			name = LaunchScreen.storyboard;
			sourceTree = "<group>";
		};
/* End PBXVariantGroup section */

/* Begin XCBuildConfiguration section */
		532B81701D35455F0080C0D0 /* Debug */ = {
			isa = XCBuildConfiguration;
			buildSettings = {
				ALWAYS_SEARCH_USER_PATHS = NO;
				CLANG_ANALYZER_NONNULL = YES;
				CLANG_CXX_LANGUAGE_STANDARD = "gnu++0x";
				CLANG_CXX_LIBRARY = "libc++";
				CLANG_ENABLE_MODULES = YES;
				CLANG_ENABLE_OBJC_ARC = YES;
				CLANG_WARN_BOOL_CONVERSION = YES;
				CLANG_WARN_CONSTANT_CONVERSION = YES;
				CLANG_WARN_DIRECT_OBJC_ISA_USAGE = YES_ERROR;
				CLANG_WARN_EMPTY_BODY = YES;
				CLANG_WARN_ENUM_CONVERSION = YES;
				CLANG_WARN_INT_CONVERSION = YES;
				CLANG_WARN_OBJC_ROOT_CLASS = YES_ERROR;
				CLANG_WARN_UNREACHABLE_CODE = YES;
				CLANG_WARN__DUPLICATE_METHOD_MATCH = YES;
				"CODE_SIGN_IDENTITY[sdk=iphoneos*]" = "iPhone Developer";
				COPY_PHASE_STRIP = NO;
				DEBUG_INFORMATION_FORMAT = dwarf;
				ENABLE_STRICT_OBJC_MSGSEND = YES;
				ENABLE_TESTABILITY = YES;
				GCC_C_LANGUAGE_STANDARD = gnu99;
				GCC_DYNAMIC_NO_PIC = NO;
				GCC_NO_COMMON_BLOCKS = YES;
				GCC_OPTIMIZATION_LEVEL = 0;
				GCC_PREPROCESSOR_DEFINITIONS = (
					"DEBUG=1",
					"$(inherited)",
				);
				GCC_WARN_64_TO_32_BIT_CONVERSION = YES;
				GCC_WARN_ABOUT_RETURN_TYPE = YES_ERROR;
				GCC_WARN_UNDECLARED_SELECTOR = YES;
				GCC_WARN_UNINITIALIZED_AUTOS = YES_AGGRESSIVE;
				GCC_WARN_UNUSED_FUNCTION = YES;
				GCC_WARN_UNUSED_VARIABLE = YES;
				IPHONEOS_DEPLOYMENT_TARGET = 9.3;
				MTL_ENABLE_DEBUG_INFO = YES;
				ONLY_ACTIVE_ARCH = YES;
				SDKROOT = iphoneos;
				SWIFT_OPTIMIZATION_LEVEL = "-Onone";
				TARGETED_DEVICE_FAMILY = "1,2";
			};
			name = Debug;
		};
		532B81711D35455F0080C0D0 /* Release */ = {
			isa = XCBuildConfiguration;
			buildSettings = {
				ALWAYS_SEARCH_USER_PATHS = NO;
				CLANG_ANALYZER_NONNULL = YES;
				CLANG_CXX_LANGUAGE_STANDARD = "gnu++0x";
				CLANG_CXX_LIBRARY = "libc++";
				CLANG_ENABLE_MODULES = YES;
				CLANG_ENABLE_OBJC_ARC = YES;
				CLANG_WARN_BOOL_CONVERSION = YES;
				CLANG_WARN_CONSTANT_CONVERSION = YES;
				CLANG_WARN_DIRECT_OBJC_ISA_USAGE = YES_ERROR;
				CLANG_WARN_EMPTY_BODY = YES;
				CLANG_WARN_ENUM_CONVERSION = YES;
				CLANG_WARN_INT_CONVERSION = YES;
				CLANG_WARN_OBJC_ROOT_CLASS = YES_ERROR;
				CLANG_WARN_UNREACHABLE_CODE = YES;
				CLANG_WARN__DUPLICATE_METHOD_MATCH = YES;
				"CODE_SIGN_IDENTITY[sdk=iphoneos*]" = "iPhone Developer";
				COPY_PHASE_STRIP = NO;
				DEBUG_INFORMATION_FORMAT = "dwarf-with-dsym";
				ENABLE_NS_ASSERTIONS = NO;
				ENABLE_STRICT_OBJC_MSGSEND = YES;
				GCC_C_LANGUAGE_STANDARD = gnu99;
				GCC_NO_COMMON_BLOCKS = YES;
				GCC_WARN_64_TO_32_BIT_CONVERSION = YES;
				GCC_WARN_ABOUT_RETURN_TYPE = YES_ERROR;
				GCC_WARN_UNDECLARED_SELECTOR = YES;
				GCC_WARN_UNINITIALIZED_AUTOS = YES_AGGRESSIVE;
				GCC_WARN_UNUSED_FUNCTION = YES;
				GCC_WARN_UNUSED_VARIABLE = YES;
				IPHONEOS_DEPLOYMENT_TARGET = 9.3;
				MTL_ENABLE_DEBUG_INFO = NO;
				SDKROOT = iphoneos;
				TARGETED_DEVICE_FAMILY = "1,2";
				VALIDATE_PRODUCT = YES;
			};
			name = Release;
		};
		532B81731D35455F0080C0D0 /* Debug */ = {
			isa = XCBuildConfiguration;
			buildSettings = {
				ASSETCATALOG_COMPILER_APPICON_NAME = AppIcon;
				INFOPLIST_FILE = DropIt/Info.plist;
				LD_RUNPATH_SEARCH_PATHS = "$(inherited) @executable_path/Frameworks";
				PRODUCT_BUNDLE_IDENTIFIER = llodi.Stanford.learning.DropIt;
				PRODUCT_NAME = "$(TARGET_NAME)";
			};
			name = Debug;
		};
		532B81741D35455F0080C0D0 /* Release */ = {
			isa = XCBuildConfiguration;
			buildSettings = {
				ASSETCATALOG_COMPILER_APPICON_NAME = AppIcon;
				INFOPLIST_FILE = DropIt/Info.plist;
				LD_RUNPATH_SEARCH_PATHS = "$(inherited) @executable_path/Frameworks";
				PRODUCT_BUNDLE_IDENTIFIER = llodi.Stanford.learning.DropIt;
				PRODUCT_NAME = "$(TARGET_NAME)";
			};
			name = Release;
		};
/* End XCBuildConfiguration section */

/* Begin XCConfigurationList section */
		532B815B1D35455F0080C0D0 /* Build configuration list for PBXProject "DropIt" */ = {
			isa = XCConfigurationList;
			buildConfigurations = (
				532B81701D35455F0080C0D0 /* Debug */,
				532B81711D35455F0080C0D0 /* Release */,
			);
			defaultConfigurationIsVisible = 0;
			defaultConfigurationName = Release;
		};
		532B81721D35455F0080C0D0 /* Build configuration list for PBXNativeTarget "DropIt" */ = {
			isa = XCConfigurationList;
			buildConfigurations = (
				532B81731D35455F0080C0D0 /* Debug */,
				532B81741D35455F0080C0D0 /* Release */,
			);
			defaultConfigurationIsVisible = 0;
			defaultConfigurationName = Release;
		};
/* End XCConfigurationList section */
	};
	rootObject = 532B81581D35455F0080C0D0 /* Project object */;
}
